
Microsoft Visual Studio Solution File, Format Version 12.00
# Visual Studio Version 17
VisualStudioVersion = 17.8.34330.188
MinimumVisualStudioVersion = 10.0.40219.1
Project("{9A19103F-16F7-4668-BE54-9A1E7A4F7556}") = "BenfordStatistics", "BenfordStatistics\BenfordStatistics.csproj", "{964CE9DE-B920-4C7A-8085-A35DCDDBFC6A}"
EndProject
Project("{9A19103F-16F7-4668-BE54-9A1E7A4F7556}") = "DecodeMessage", "DecodeMessage\DecodeMessage.csproj", "{476AE1F1-3833-45F6-8F93-BAFEA0DF1CD6}"
EndProject
Project("{9A19103F-16F7-4668-BE54-9A1E7A4F7556}") = "DecodeMessage2", "DecodeMessage2\DecodeMessage2.csproj", "{30C0230F-9D67-4876-9307-98346C604C9B}"
EndProject
Project("{9A19103F-16F7-4668-BE54-9A1E7A4F7556}") = "Evaluation", "Evaluation\Evaluation.csproj", "{FF1A20C7-6A1A-4C68-A9FF-A5F3344F5647}"
EndProject
Project("{9A19103F-16F7-4668-BE54-9A1E7A4F7556}") = "MakeCombinations", "MakeCombinations\MakeCombinations.csproj", "{F2E0B181-E4C1-4F4C-AE62-D1FAD201A7E2}"
EndProject
Project("{9A19103F-16F7-4668-BE54-9A1E7A4F7556}") = "MakeSubsets", "MakeSubsets\MakeSubsets.csproj", "{3407312B-ADAD-4D1F-BBC1-4B308A4DD35D}"
EndProject
Project("{9A19103F-16F7-4668-BE54-9A1E7A4F7556}") = "OptimizeContacts", "OptimizeContacts\OptimizeContacts.csproj", "{422C8E29-E28A-4CA1-8530-2EF00B26013A}"
EndProject
Project("{9A19103F-16F7-4668-BE54-9A1E7A4F7556}") = "Permutations", "Permutations\Permutations.csproj", "{E4859047-629E-4B7C-8448-00DF7410C1BC}"
EndProject
Project("{9A19103F-16F7-4668-BE54-9A1E7A4F7556}") = "PoweredArray", "PoweredArray\PoweredArray.csproj", "{486EB5DD-F1BB-44BA-B116-F29A2285741C}"
EndProject
Project("{9A19103F-16F7-4668-BE54-9A1E7A4F7556}") = "ReplaceIncorrectSeparators", "ReplaceIncorrectSeparators\ReplaceIncorrectSeparators.csproj", "{E680D638-4974-4369-B147-149B88CD5B9F}"
EndProject
Project("{9A19103F-16F7-4668-BE54-9A1E7A4F7556}") = "ReversedArray", "ReversedArray\ReversedArray.csproj", "{FA6A5203-A207-485E-8883-4A4CC6654B15}"
EndProject
Project("{9A19103F-16F7-4668-BE54-9A1E7A4F7556}") = "SortArray", "SortArray\SortArray.csproj", "{25597241-D1E4-4723-A5B7-2A3192E71AE9}"
EndProject
Project("{9A19103F-16F7-4668-BE54-9A1E7A4F7556}") = "WriteReadToFile", "WriteReadToFile\WriteReadToFile.csproj", "{8B3015B3-CEF5-421A-85C6-0940946F2F85}"
EndProject
Project("{FAE04EC0-301F-11D3-BF4B-00C04F79EFBC}") = "SpeedComparison", "SpeedComparison\SpeedComparison.csproj", "{0EB1A720-FCC9-42EE-857E-A246DD45F665}"
EndProject
Project("{9A19103F-16F7-4668-BE54-9A1E7A4F7556}") = "BinarySearch", "BinarySearch\BinarySearch.csproj", "{5DF98CDC-2ADF-4CD3-9740-63123F0B905A}"
EndProject
Project("{9A19103F-16F7-4668-BE54-9A1E7A4F7556}") = "BubbleSortRange", "BubleSortRange\BubbleSortRange.csproj", "{F0C91517-EA36-4CFC-A90E-810955272B32}"
EndProject
Project("{9A19103F-16F7-4668-BE54-9A1E7A4F7556}") = "Bubble&Merge&QuickSort", "Bubble&Merge&QuickSort\Bubble&Merge&QuickSort.csproj", "{1FA2E8DE-336E-4502-BBDE-2086E49AA6A5}"
EndProject
Project("{9A19103F-16F7-4668-BE54-9A1E7A4F7556}") = "BinarySearchLeft", "BinarySearchLeft\BinarySearchLeft.csproj", "{457C9D7E-BB47-490E-8713-A4F13641572B}"
EndProject
Project("{9A19103F-16F7-4668-BE54-9A1E7A4F7556}") = "BinarySearchRight", "BinarySearchRight\BinarySearchRight.csproj", "{FECC745F-049F-4E7F-AE82-AD773D5889D6}"
EndProject
Project("{9A19103F-16F7-4668-BE54-9A1E7A4F7556}") = "DirectoryList", "DirectoryList\DirectoryList.csproj", "{38DB394F-A1E1-418E-B515-5F3517A58B0A}"
EndProject
Project("{9A19103F-16F7-4668-BE54-9A1E7A4F7556}") = "GeometryTests", "GeometryTests\GeometryTests.csproj", "{3B6ED7BF-E645-4A72-9A05-7C1966724232}"
EndProject
Project("{9A19103F-16F7-4668-BE54-9A1E7A4F7556}") = "Geometry", "Geometry\Geometry.csproj", "{B3926BA9-712D-403D-9FCC-E6AC30099988}"
EndProject
Project("{9A19103F-16F7-4668-BE54-9A1E7A4F7556}") = "MiddleOfThree", "MiddleOfThree\MiddleOfThree.csproj", "{95C1A1B6-9454-4264-914C-1ED91EBFA0D5}"
EndProject
Project("{9A19103F-16F7-4668-BE54-9A1E7A4F7556}") = "MinimumOfThree", "MinimumOfThree\MinimumOfThree.csproj", "{12F4EE03-5D1B-44E5-8430-981C1FE7DF65}"
EndProject
Project("{9A19103F-16F7-4668-BE54-9A1E7A4F7556}") = "DoNotDelayMistakes", "DoNotDelayMistakes\DoNotDelayMistakes.csproj", "{F1A4F69A-6EEF-494D-8F18-5D3C45A375EE}"
EndProject
Project("{9A19103F-16F7-4668-BE54-9A1E7A4F7556}") = "ProperryInsteadOfField", "ProperryInsteadOfField\ProperryInsteadOfField.csproj", "{ED2484FE-5343-4F75-AED0-7C11B0F9217D}"
EndProject
Project("{9A19103F-16F7-4668-BE54-9A1E7A4F7556}") = "Vector", "Vector\Vector.csproj", "{B9FF6067-ED9B-4A70-95D4-D94612D8E46D}"
EndProject
Project("{9A19103F-16F7-4668-BE54-9A1E7A4F7556}") = "Ratio", "Ratio\Ratio.csproj", "{1635A51C-AD61-4724-8044-C376A1ED4DCD}"
EndProject
Project("{9A19103F-16F7-4668-BE54-9A1E7A4F7556}") = "ReadOnlyVector", "ReadOnlyVector\ReadOnlyVector.csproj", "{77FF5836-461D-4238-9AE8-BF27D3126C5A}"
EndProject
Project("{9A19103F-16F7-4668-BE54-9A1E7A4F7556}") = "UseRef", "UseRef\UseRef.csproj", "{940019EF-77E5-47E9-8A2C-412B3F2FAB03}"
EndProject
Project("{9A19103F-16F7-4668-BE54-9A1E7A4F7556}") = "MaxInArray", "MaxInArray\MaxInArray.csproj", "{85E09DC7-A39A-4184-9CE4-3738CEBDAF57}"
EndProject
Project("{9A19103F-16F7-4668-BE54-9A1E7A4F7556}") = "SequenceGeneration", "SequenceGeneration\SequenceGeneration.csproj", "{A5AF4DD6-3FD6-4B5F-8A00-982DAF171394}"
EndProject
Project("{9A19103F-16F7-4668-BE54-9A1E7A4F7556}") = "ZipSum", "ZipSum\ZipSum.csproj", "{6E0F4BA2-40B9-4658-9D8E-2F905062E0FB}"
EndProject
Project("{9A19103F-16F7-4668-BE54-9A1E7A4F7556}") = "FirstOrDefaultMethod", "FirstOrDefaultMethod\FirstOrDefaultMethod.csproj", "{E0687509-A664-4635-8364-F6F6581651D4}"
EndProject
Project("{9A19103F-16F7-4668-BE54-9A1E7A4F7556}") = "TakeMethod", "TakeMethod\TakeMethod.csproj", "{658C7DF0-6F0A-421D-960E-FAEAAC1A2EAC}"
EndProject
Project("{9A19103F-16F7-4668-BE54-9A1E7A4F7556}") = "SortedWords", "SortedWords\SortedWords.csproj", "{3E96F496-838F-44C2-A7B8-3C978C49862D}"
EndProject
Project("{9A19103F-16F7-4668-BE54-9A1E7A4F7556}") = "FrequencyDictionary", "FrequencyDictionary\FrequencyDictionary.csproj", "{AADF3893-1552-4B62-A93A-4B77E2710A3E}"
EndProject
Project("{9A19103F-16F7-4668-BE54-9A1E7A4F7556}") = "CloseWindow", "CloseWindow\CloseWindow.csproj", "{ABD73AD0-C70E-4322-B42D-CF5D16A4CB5E}"
EndProject
Project("{9A19103F-16F7-4668-BE54-9A1E7A4F7556}") = "MyForms", "MyForms\MyForms.csproj", "{86C74D92-684C-47DF-AEA7-20231E6E5A18}"
EndProject
Project("{FAE04EC0-301F-11D3-BF4B-00C04F79EFBC}") = "MyFormsTableLayout", "MyFormsTableLayout\MyFormsTableLayout.csproj", "{58FC0122-72C3-4865-B6CE-52C7813D9FD8}"
EndProject
Global
	GlobalSection(SolutionConfigurationPlatforms) = preSolution
		Debug|Any CPU = Debug|Any CPU
		Release|Any CPU = Release|Any CPU
	EndGlobalSection
	GlobalSection(ProjectConfigurationPlatforms) = postSolution
		{964CE9DE-B920-4C7A-8085-A35DCDDBFC6A}.Debug|Any CPU.ActiveCfg = Debug|Any CPU
		{964CE9DE-B920-4C7A-8085-A35DCDDBFC6A}.Debug|Any CPU.Build.0 = Debug|Any CPU
		{964CE9DE-B920-4C7A-8085-A35DCDDBFC6A}.Release|Any CPU.ActiveCfg = Release|Any CPU
		{964CE9DE-B920-4C7A-8085-A35DCDDBFC6A}.Release|Any CPU.Build.0 = Release|Any CPU
		{476AE1F1-3833-45F6-8F93-BAFEA0DF1CD6}.Debug|Any CPU.ActiveCfg = Debug|Any CPU
		{476AE1F1-3833-45F6-8F93-BAFEA0DF1CD6}.Debug|Any CPU.Build.0 = Debug|Any CPU
		{476AE1F1-3833-45F6-8F93-BAFEA0DF1CD6}.Release|Any CPU.ActiveCfg = Release|Any CPU
		{476AE1F1-3833-45F6-8F93-BAFEA0DF1CD6}.Release|Any CPU.Build.0 = Release|Any CPU
		{30C0230F-9D67-4876-9307-98346C604C9B}.Debug|Any CPU.ActiveCfg = Debug|Any CPU
		{30C0230F-9D67-4876-9307-98346C604C9B}.Debug|Any CPU.Build.0 = Debug|Any CPU
		{30C0230F-9D67-4876-9307-98346C604C9B}.Release|Any CPU.ActiveCfg = Release|Any CPU
		{30C0230F-9D67-4876-9307-98346C604C9B}.Release|Any CPU.Build.0 = Release|Any CPU
		{FF1A20C7-6A1A-4C68-A9FF-A5F3344F5647}.Debug|Any CPU.ActiveCfg = Debug|Any CPU
		{FF1A20C7-6A1A-4C68-A9FF-A5F3344F5647}.Debug|Any CPU.Build.0 = Debug|Any CPU
		{FF1A20C7-6A1A-4C68-A9FF-A5F3344F5647}.Release|Any CPU.ActiveCfg = Release|Any CPU
		{FF1A20C7-6A1A-4C68-A9FF-A5F3344F5647}.Release|Any CPU.Build.0 = Release|Any CPU
		{F2E0B181-E4C1-4F4C-AE62-D1FAD201A7E2}.Debug|Any CPU.ActiveCfg = Debug|Any CPU
		{F2E0B181-E4C1-4F4C-AE62-D1FAD201A7E2}.Debug|Any CPU.Build.0 = Debug|Any CPU
		{F2E0B181-E4C1-4F4C-AE62-D1FAD201A7E2}.Release|Any CPU.ActiveCfg = Release|Any CPU
		{F2E0B181-E4C1-4F4C-AE62-D1FAD201A7E2}.Release|Any CPU.Build.0 = Release|Any CPU
		{3407312B-ADAD-4D1F-BBC1-4B308A4DD35D}.Debug|Any CPU.ActiveCfg = Debug|Any CPU
		{3407312B-ADAD-4D1F-BBC1-4B308A4DD35D}.Debug|Any CPU.Build.0 = Debug|Any CPU
		{3407312B-ADAD-4D1F-BBC1-4B308A4DD35D}.Release|Any CPU.ActiveCfg = Release|Any CPU
		{3407312B-ADAD-4D1F-BBC1-4B308A4DD35D}.Release|Any CPU.Build.0 = Release|Any CPU
		{422C8E29-E28A-4CA1-8530-2EF00B26013A}.Debug|Any CPU.ActiveCfg = Debug|Any CPU
		{422C8E29-E28A-4CA1-8530-2EF00B26013A}.Debug|Any CPU.Build.0 = Debug|Any CPU
		{422C8E29-E28A-4CA1-8530-2EF00B26013A}.Release|Any CPU.ActiveCfg = Release|Any CPU
		{422C8E29-E28A-4CA1-8530-2EF00B26013A}.Release|Any CPU.Build.0 = Release|Any CPU
		{E4859047-629E-4B7C-8448-00DF7410C1BC}.Debug|Any CPU.ActiveCfg = Debug|Any CPU
		{E4859047-629E-4B7C-8448-00DF7410C1BC}.Debug|Any CPU.Build.0 = Debug|Any CPU
		{E4859047-629E-4B7C-8448-00DF7410C1BC}.Release|Any CPU.ActiveCfg = Release|Any CPU
		{E4859047-629E-4B7C-8448-00DF7410C1BC}.Release|Any CPU.Build.0 = Release|Any CPU
		{486EB5DD-F1BB-44BA-B116-F29A2285741C}.Debug|Any CPU.ActiveCfg = Debug|Any CPU
		{486EB5DD-F1BB-44BA-B116-F29A2285741C}.Debug|Any CPU.Build.0 = Debug|Any CPU
		{486EB5DD-F1BB-44BA-B116-F29A2285741C}.Release|Any CPU.ActiveCfg = Release|Any CPU
		{486EB5DD-F1BB-44BA-B116-F29A2285741C}.Release|Any CPU.Build.0 = Release|Any CPU
		{E680D638-4974-4369-B147-149B88CD5B9F}.Debug|Any CPU.ActiveCfg = Debug|Any CPU
		{E680D638-4974-4369-B147-149B88CD5B9F}.Debug|Any CPU.Build.0 = Debug|Any CPU
		{E680D638-4974-4369-B147-149B88CD5B9F}.Release|Any CPU.ActiveCfg = Release|Any CPU
		{E680D638-4974-4369-B147-149B88CD5B9F}.Release|Any CPU.Build.0 = Release|Any CPU
		{FA6A5203-A207-485E-8883-4A4CC6654B15}.Debug|Any CPU.ActiveCfg = Debug|Any CPU
		{FA6A5203-A207-485E-8883-4A4CC6654B15}.Debug|Any CPU.Build.0 = Debug|Any CPU
		{FA6A5203-A207-485E-8883-4A4CC6654B15}.Release|Any CPU.ActiveCfg = Release|Any CPU
		{FA6A5203-A207-485E-8883-4A4CC6654B15}.Release|Any CPU.Build.0 = Release|Any CPU
		{25597241-D1E4-4723-A5B7-2A3192E71AE9}.Debug|Any CPU.ActiveCfg = Debug|Any CPU
		{25597241-D1E4-4723-A5B7-2A3192E71AE9}.Debug|Any CPU.Build.0 = Debug|Any CPU
		{25597241-D1E4-4723-A5B7-2A3192E71AE9}.Release|Any CPU.ActiveCfg = Release|Any CPU
		{25597241-D1E4-4723-A5B7-2A3192E71AE9}.Release|Any CPU.Build.0 = Release|Any CPU
		{8B3015B3-CEF5-421A-85C6-0940946F2F85}.Debug|Any CPU.ActiveCfg = Debug|Any CPU
		{8B3015B3-CEF5-421A-85C6-0940946F2F85}.Debug|Any CPU.Build.0 = Debug|Any CPU
		{8B3015B3-CEF5-421A-85C6-0940946F2F85}.Release|Any CPU.ActiveCfg = Release|Any CPU
		{8B3015B3-CEF5-421A-85C6-0940946F2F85}.Release|Any CPU.Build.0 = Release|Any CPU
		{0EB1A720-FCC9-42EE-857E-A246DD45F665}.Debug|Any CPU.ActiveCfg = Debug|Any CPU
		{0EB1A720-FCC9-42EE-857E-A246DD45F665}.Debug|Any CPU.Build.0 = Debug|Any CPU
		{0EB1A720-FCC9-42EE-857E-A246DD45F665}.Release|Any CPU.ActiveCfg = Release|Any CPU
		{0EB1A720-FCC9-42EE-857E-A246DD45F665}.Release|Any CPU.Build.0 = Release|Any CPU
		{5DF98CDC-2ADF-4CD3-9740-63123F0B905A}.Debug|Any CPU.ActiveCfg = Debug|Any CPU
		{5DF98CDC-2ADF-4CD3-9740-63123F0B905A}.Debug|Any CPU.Build.0 = Debug|Any CPU
		{5DF98CDC-2ADF-4CD3-9740-63123F0B905A}.Release|Any CPU.ActiveCfg = Release|Any CPU
		{5DF98CDC-2ADF-4CD3-9740-63123F0B905A}.Release|Any CPU.Build.0 = Release|Any CPU
		{F0C91517-EA36-4CFC-A90E-810955272B32}.Debug|Any CPU.ActiveCfg = Debug|Any CPU
		{F0C91517-EA36-4CFC-A90E-810955272B32}.Debug|Any CPU.Build.0 = Debug|Any CPU
		{F0C91517-EA36-4CFC-A90E-810955272B32}.Release|Any CPU.ActiveCfg = Release|Any CPU
		{F0C91517-EA36-4CFC-A90E-810955272B32}.Release|Any CPU.Build.0 = Release|Any CPU
		{1FA2E8DE-336E-4502-BBDE-2086E49AA6A5}.Debug|Any CPU.ActiveCfg = Debug|Any CPU
		{1FA2E8DE-336E-4502-BBDE-2086E49AA6A5}.Debug|Any CPU.Build.0 = Debug|Any CPU
		{1FA2E8DE-336E-4502-BBDE-2086E49AA6A5}.Release|Any CPU.ActiveCfg = Release|Any CPU
		{1FA2E8DE-336E-4502-BBDE-2086E49AA6A5}.Release|Any CPU.Build.0 = Release|Any CPU
		{457C9D7E-BB47-490E-8713-A4F13641572B}.Debug|Any CPU.ActiveCfg = Debug|Any CPU
		{457C9D7E-BB47-490E-8713-A4F13641572B}.Debug|Any CPU.Build.0 = Debug|Any CPU
		{457C9D7E-BB47-490E-8713-A4F13641572B}.Release|Any CPU.ActiveCfg = Release|Any CPU
		{457C9D7E-BB47-490E-8713-A4F13641572B}.Release|Any CPU.Build.0 = Release|Any CPU
		{FECC745F-049F-4E7F-AE82-AD773D5889D6}.Debug|Any CPU.ActiveCfg = Debug|Any CPU
		{FECC745F-049F-4E7F-AE82-AD773D5889D6}.Debug|Any CPU.Build.0 = Debug|Any CPU
		{FECC745F-049F-4E7F-AE82-AD773D5889D6}.Release|Any CPU.ActiveCfg = Release|Any CPU
		{FECC745F-049F-4E7F-AE82-AD773D5889D6}.Release|Any CPU.Build.0 = Release|Any CPU
		{38DB394F-A1E1-418E-B515-5F3517A58B0A}.Debug|Any CPU.ActiveCfg = Debug|Any CPU
		{38DB394F-A1E1-418E-B515-5F3517A58B0A}.Debug|Any CPU.Build.0 = Debug|Any CPU
		{38DB394F-A1E1-418E-B515-5F3517A58B0A}.Release|Any CPU.ActiveCfg = Release|Any CPU
		{38DB394F-A1E1-418E-B515-5F3517A58B0A}.Release|Any CPU.Build.0 = Release|Any CPU
		{3B6ED7BF-E645-4A72-9A05-7C1966724232}.Debug|Any CPU.ActiveCfg = Debug|Any CPU
		{3B6ED7BF-E645-4A72-9A05-7C1966724232}.Debug|Any CPU.Build.0 = Debug|Any CPU
		{3B6ED7BF-E645-4A72-9A05-7C1966724232}.Release|Any CPU.ActiveCfg = Release|Any CPU
		{3B6ED7BF-E645-4A72-9A05-7C1966724232}.Release|Any CPU.Build.0 = Release|Any CPU
		{B3926BA9-712D-403D-9FCC-E6AC30099988}.Debug|Any CPU.ActiveCfg = Debug|Any CPU
		{B3926BA9-712D-403D-9FCC-E6AC30099988}.Debug|Any CPU.Build.0 = Debug|Any CPU
		{B3926BA9-712D-403D-9FCC-E6AC30099988}.Release|Any CPU.ActiveCfg = Release|Any CPU
		{B3926BA9-712D-403D-9FCC-E6AC30099988}.Release|Any CPU.Build.0 = Release|Any CPU
		{95C1A1B6-9454-4264-914C-1ED91EBFA0D5}.Debug|Any CPU.ActiveCfg = Debug|Any CPU
		{95C1A1B6-9454-4264-914C-1ED91EBFA0D5}.Debug|Any CPU.Build.0 = Debug|Any CPU
		{95C1A1B6-9454-4264-914C-1ED91EBFA0D5}.Release|Any CPU.ActiveCfg = Release|Any CPU
		{95C1A1B6-9454-4264-914C-1ED91EBFA0D5}.Release|Any CPU.Build.0 = Release|Any CPU
		{12F4EE03-5D1B-44E5-8430-981C1FE7DF65}.Debug|Any CPU.ActiveCfg = Debug|Any CPU
		{12F4EE03-5D1B-44E5-8430-981C1FE7DF65}.Debug|Any CPU.Build.0 = Debug|Any CPU
		{12F4EE03-5D1B-44E5-8430-981C1FE7DF65}.Release|Any CPU.ActiveCfg = Release|Any CPU
		{12F4EE03-5D1B-44E5-8430-981C1FE7DF65}.Release|Any CPU.Build.0 = Release|Any CPU
		{F1A4F69A-6EEF-494D-8F18-5D3C45A375EE}.Debug|Any CPU.ActiveCfg = Debug|Any CPU
		{F1A4F69A-6EEF-494D-8F18-5D3C45A375EE}.Debug|Any CPU.Build.0 = Debug|Any CPU
		{F1A4F69A-6EEF-494D-8F18-5D3C45A375EE}.Release|Any CPU.ActiveCfg = Release|Any CPU
		{F1A4F69A-6EEF-494D-8F18-5D3C45A375EE}.Release|Any CPU.Build.0 = Release|Any CPU
		{ED2484FE-5343-4F75-AED0-7C11B0F9217D}.Debug|Any CPU.ActiveCfg = Debug|Any CPU
		{ED2484FE-5343-4F75-AED0-7C11B0F9217D}.Debug|Any CPU.Build.0 = Debug|Any CPU
		{ED2484FE-5343-4F75-AED0-7C11B0F9217D}.Release|Any CPU.ActiveCfg = Release|Any CPU
		{ED2484FE-5343-4F75-AED0-7C11B0F9217D}.Release|Any CPU.Build.0 = Release|Any CPU
		{B9FF6067-ED9B-4A70-95D4-D94612D8E46D}.Debug|Any CPU.ActiveCfg = Debug|Any CPU
		{B9FF6067-ED9B-4A70-95D4-D94612D8E46D}.Debug|Any CPU.Build.0 = Debug|Any CPU
		{B9FF6067-ED9B-4A70-95D4-D94612D8E46D}.Release|Any CPU.ActiveCfg = Release|Any CPU
		{B9FF6067-ED9B-4A70-95D4-D94612D8E46D}.Release|Any CPU.Build.0 = Release|Any CPU
		{1635A51C-AD61-4724-8044-C376A1ED4DCD}.Debug|Any CPU.ActiveCfg = Debug|Any CPU
		{1635A51C-AD61-4724-8044-C376A1ED4DCD}.Debug|Any CPU.Build.0 = Debug|Any CPU
		{1635A51C-AD61-4724-8044-C376A1ED4DCD}.Release|Any CPU.ActiveCfg = Release|Any CPU
		{1635A51C-AD61-4724-8044-C376A1ED4DCD}.Release|Any CPU.Build.0 = Release|Any CPU
		{77FF5836-461D-4238-9AE8-BF27D3126C5A}.Debug|Any CPU.ActiveCfg = Debug|Any CPU
		{77FF5836-461D-4238-9AE8-BF27D3126C5A}.Debug|Any CPU.Build.0 = Debug|Any CPU
		{77FF5836-461D-4238-9AE8-BF27D3126C5A}.Release|Any CPU.ActiveCfg = Release|Any CPU
		{77FF5836-461D-4238-9AE8-BF27D3126C5A}.Release|Any CPU.Build.0 = Release|Any CPU
		{940019EF-77E5-47E9-8A2C-412B3F2FAB03}.Debug|Any CPU.ActiveCfg = Debug|Any CPU
		{940019EF-77E5-47E9-8A2C-412B3F2FAB03}.Debug|Any CPU.Build.0 = Debug|Any CPU
		{940019EF-77E5-47E9-8A2C-412B3F2FAB03}.Release|Any CPU.ActiveCfg = Release|Any CPU
		{940019EF-77E5-47E9-8A2C-412B3F2FAB03}.Release|Any CPU.Build.0 = Release|Any CPU
		{85E09DC7-A39A-4184-9CE4-3738CEBDAF57}.Debug|Any CPU.ActiveCfg = Debug|Any CPU
		{85E09DC7-A39A-4184-9CE4-3738CEBDAF57}.Debug|Any CPU.Build.0 = Debug|Any CPU
		{85E09DC7-A39A-4184-9CE4-3738CEBDAF57}.Release|Any CPU.ActiveCfg = Release|Any CPU
		{85E09DC7-A39A-4184-9CE4-3738CEBDAF57}.Release|Any CPU.Build.0 = Release|Any CPU
		{A5AF4DD6-3FD6-4B5F-8A00-982DAF171394}.Debug|Any CPU.ActiveCfg = Debug|Any CPU
		{A5AF4DD6-3FD6-4B5F-8A00-982DAF171394}.Debug|Any CPU.Build.0 = Debug|Any CPU
		{A5AF4DD6-3FD6-4B5F-8A00-982DAF171394}.Release|Any CPU.ActiveCfg = Release|Any CPU
		{A5AF4DD6-3FD6-4B5F-8A00-982DAF171394}.Release|Any CPU.Build.0 = Release|Any CPU
		{6E0F4BA2-40B9-4658-9D8E-2F905062E0FB}.Debug|Any CPU.ActiveCfg = Debug|Any CPU
		{6E0F4BA2-40B9-4658-9D8E-2F905062E0FB}.Debug|Any CPU.Build.0 = Debug|Any CPU
		{6E0F4BA2-40B9-4658-9D8E-2F905062E0FB}.Release|Any CPU.ActiveCfg = Release|Any CPU
		{6E0F4BA2-40B9-4658-9D8E-2F905062E0FB}.Release|Any CPU.Build.0 = Release|Any CPU
		{E0687509-A664-4635-8364-F6F6581651D4}.Debug|Any CPU.ActiveCfg = Debug|Any CPU
		{E0687509-A664-4635-8364-F6F6581651D4}.Debug|Any CPU.Build.0 = Debug|Any CPU
		{E0687509-A664-4635-8364-F6F6581651D4}.Release|Any CPU.ActiveCfg = Release|Any CPU
		{E0687509-A664-4635-8364-F6F6581651D4}.Release|Any CPU.Build.0 = Release|Any CPU
		{658C7DF0-6F0A-421D-960E-FAEAAC1A2EAC}.Debug|Any CPU.ActiveCfg = Debug|Any CPU
		{658C7DF0-6F0A-421D-960E-FAEAAC1A2EAC}.Debug|Any CPU.Build.0 = Debug|Any CPU
		{658C7DF0-6F0A-421D-960E-FAEAAC1A2EAC}.Release|Any CPU.ActiveCfg = Release|Any CPU
		{658C7DF0-6F0A-421D-960E-FAEAAC1A2EAC}.Release|Any CPU.Build.0 = Release|Any CPU
		{3E96F496-838F-44C2-A7B8-3C978C49862D}.Debug|Any CPU.ActiveCfg = Debug|Any CPU
		{3E96F496-838F-44C2-A7B8-3C978C49862D}.Debug|Any CPU.Build.0 = Debug|Any CPU
		{3E96F496-838F-44C2-A7B8-3C978C49862D}.Release|Any CPU.ActiveCfg = Release|Any CPU
		{3E96F496-838F-44C2-A7B8-3C978C49862D}.Release|Any CPU.Build.0 = Release|Any CPU
		{AADF3893-1552-4B62-A93A-4B77E2710A3E}.Debug|Any CPU.ActiveCfg = Debug|Any CPU
		{AADF3893-1552-4B62-A93A-4B77E2710A3E}.Debug|Any CPU.Build.0 = Debug|Any CPU
		{AADF3893-1552-4B62-A93A-4B77E2710A3E}.Release|Any CPU.ActiveCfg = Release|Any CPU
		{AADF3893-1552-4B62-A93A-4B77E2710A3E}.Release|Any CPU.Build.0 = Release|Any CPU
		{ABD73AD0-C70E-4322-B42D-CF5D16A4CB5E}.Debug|Any CPU.ActiveCfg = Debug|Any CPU
		{ABD73AD0-C70E-4322-B42D-CF5D16A4CB5E}.Debug|Any CPU.Build.0 = Debug|Any CPU
		{ABD73AD0-C70E-4322-B42D-CF5D16A4CB5E}.Release|Any CPU.ActiveCfg = Release|Any CPU
		{ABD73AD0-C70E-4322-B42D-CF5D16A4CB5E}.Release|Any CPU.Build.0 = Release|Any CPU
		{86C74D92-684C-47DF-AEA7-20231E6E5A18}.Debug|Any CPU.ActiveCfg = Debug|Any CPU
		{86C74D92-684C-47DF-AEA7-20231E6E5A18}.Debug|Any CPU.Build.0 = Debug|Any CPU
		{86C74D92-684C-47DF-AEA7-20231E6E5A18}.Release|Any CPU.ActiveCfg = Release|Any CPU
		{86C74D92-684C-47DF-AEA7-20231E6E5A18}.Release|Any CPU.Build.0 = Release|Any CPU
		{58FC0122-72C3-4865-B6CE-52C7813D9FD8}.Debug|Any CPU.ActiveCfg = Debug|Any CPU
		{58FC0122-72C3-4865-B6CE-52C7813D9FD8}.Debug|Any CPU.Build.0 = Debug|Any CPU
		{58FC0122-72C3-4865-B6CE-52C7813D9FD8}.Release|Any CPU.ActiveCfg = Release|Any CPU
		{58FC0122-72C3-4865-B6CE-52C7813D9FD8}.Release|Any CPU.Build.0 = Release|Any CPU
	EndGlobalSection
	GlobalSection(SolutionProperties) = preSolution
		HideSolutionNode = FALSE
	EndGlobalSection
	GlobalSection(ExtensibilityGlobals) = postSolution
		SolutionGuid = {A0860BF6-FAC9-46C1-B643-D18022795A15}
	EndGlobalSection
EndGlobal
